
Microsoft Visual Studio Solution File, Format Version 12.00
# Visual Studio Version 17
VisualStudioVersion = 17.0.31912.275
MinimumVisualStudioVersion = 10.0.40219.1
Project("{9A19103F-16F7-4668-BE54-9A1E7A4F7556}") = "HeperFiberli.Web", "HeperFiberli.Web/HeperFiberli.Web.csproj", "{5F1ECF75-ECD6-469B-AEB0-DB15CECF721F}"
EndProject
Global
	GlobalSection(SolutionConfigurationPlatforms) = preSolution
		Debug|Any CPU = Debug|Any CPU
		Release|Any CPU = Release|Any CPU
	EndGlobalSection
	GlobalSection(ProjectConfigurationPlatforms) = postSolution
		{5F1ECF75-ECD6-469B-AEB0-DB15CECF721F}.Debug|Any CPU.ActiveCfg = Debug|Any CPU
		{5F1ECF75-ECD6-469B-AEB0-DB15CECF721F}.Debug|Any CPU.Build.0 = Debug|Any CPU
		{5F1ECF75-ECD6-469B-AEB0-DB15CECF721F}.Release|Any CPU.ActiveCfg = Release|Any CPU
		{5F1ECF75-ECD6-469B-AEB0-DB15CECF721F}.Release|Any CPU.Build.0 = Release|Any CPU
	EndGlobalSection
	GlobalSection(SolutionProperties) = preSolution
		HideSolutionNode = FALSE
	EndGlobalSection
	GlobalSection(ExtensibilityGlobals) = postSolution
		SolutionGuid = {9A20920E-FC6A-45C9-863F-70F7775E8ACE}
	EndGlobalSection
EndGlobal
